
Microsoft Visual Studio Solution File, Format Version 12.00
# Visual Studio 15
VisualStudioVersion = 15.0.26730.12
MinimumVisualStudioVersion = 10.0.40219.1
Project("{FAE04EC0-301F-11D3-BF4B-00C04F79EFBC}") = "WinForm", "WinForm\WinForm.csproj", "{73DC67AB-E208-44E3-8A0C-BC9F8916EDD6}"
EndProject
Global
	GlobalSection(SolutionConfigurationPlatforms) = preSolution
		Debug|Any CPU = Debug|Any CPU
		Release|Any CPU = Release|Any CPU
	EndGlobalSection
	GlobalSection(ProjectConfigurationPlatforms) = postSolution
		{73DC67AB-E208-44E3-8A0C-BC9F8916EDD6}.Debug|Any CPU.ActiveCfg = Debug|Any CPU
		{73DC67AB-E208-44E3-8A0C-BC9F8916EDD6}.Debug|Any CPU.Build.0 = Debug|Any CPU
		{73DC67AB-E208-44E3-8A0C-BC9F8916EDD6}.Release|Any CPU.ActiveCfg = Release|Any CPU
		{73DC67AB-E208-44E3-8A0C-BC9F8916EDD6}.Release|Any CPU.Build.0 = Release|Any CPU
	EndGlobalSection
	GlobalSection(SolutionProperties) = preSolution
		HideSolutionNode = FALSE
	EndGlobalSection
	GlobalSection(ExtensibilityGlobals) = postSolution
		SolutionGuid = {4341E89E-8C9F-452D-9206-F89D91CD0AF3}
	EndGlobalSection
EndGlobal
